// !$*UTF8*$!
{
	archiveVersion = 1;
	classes = {
	};
	objectVersion = 55;
	objects = {

/* Begin PBXBuildFile section */
		89BADCAF28CCF11E001CD1F4 /* AppDelegate.swift in Sources */ = {isa = PBXBuildFile; fileRef = 89BADCAE28CCF11E001CD1F4 /* AppDelegate.swift */; };
		89BADCB128CCF11E001CD1F4 /* SceneDelegate.swift in Sources */ = {isa = PBXBuildFile; fileRef = 89BADCB028CCF11E001CD1F4 /* SceneDelegate.swift */; };
		89BADCB328CCF11E001CD1F4 /* ViewController.swift in Sources */ = {isa = PBXBuildFile; fileRef = 89BADCB228CCF11E001CD1F4 /* ViewController.swift */; };
		89BADCB628CCF11E001CD1F4 /* Main.storyboard in Resources */ = {isa = PBXBuildFile; fileRef = 89BADCB428CCF11E001CD1F4 /* Main.storyboard */; };
		89BADCB828CCF120001CD1F4 /* Assets.xcassets in Resources */ = {isa = PBXBuildFile; fileRef = 89BADCB728CCF120001CD1F4 /* Assets.xcassets */; };
		89BADCBB28CCF120001CD1F4 /* LaunchScreen.storyboard in Resources */ = {isa = PBXBuildFile; fileRef = 89BADCB928CCF120001CD1F4 /* LaunchScreen.storyboard */; };
		89BADCC428CCF24C001CD1F4 /* PhotoCell.swift in Sources */ = {isa = PBXBuildFile; fileRef = 89BADCC228CCF24C001CD1F4 /* PhotoCell.swift */; };
		89BADCC528CCF24C001CD1F4 /* PhotoCell.xib in Resources */ = {isa = PBXBuildFile; fileRef = 89BADCC328CCF24C001CD1F4 /* PhotoCell.xib */; };
		89BADCC728CDBC6F001CD1F4 /* photoModel.swift in Sources */ = {isa = PBXBuildFile; fileRef = 89BADCC628CDBC6F001CD1F4 /* photoModel.swift */; };
		89BADCC928CDBC93001CD1F4 /* photoData.swift in Sources */ = {isa = PBXBuildFile; fileRef = 89BADCC828CDBC93001CD1F4 /* photoData.swift */; };
		89BADCCB28CDBCCC001CD1F4 /* ExViewController.swift in Sources */ = {isa = PBXBuildFile; fileRef = 89BADCCA28CDBCCC001CD1F4 /* ExViewController.swift */; };
		89BADCD328CDEC3E001CD1F4 /* FlikrMaps2UITests.swift in Sources */ = {isa = PBXBuildFile; fileRef = 89BADCD228CDEC3E001CD1F4 /* FlikrMaps2UITests.swift */; };
		89BADCD528CDEC3E001CD1F4 /* FlikrMaps2UITestsLaunchTests.swift in Sources */ = {isa = PBXBuildFile; fileRef = 89BADCD428CDEC3E001CD1F4 /* FlikrMaps2UITestsLaunchTests.swift */; };
		89BADD1E28CDF124001CD1F4 /* FlikrMaps2Tests.swift in Sources */ = {isa = PBXBuildFile; fileRef = 89BADD1D28CDF124001CD1F4 /* FlikrMaps2Tests.swift */; };
/* End PBXBuildFile section */

/* Begin PBXContainerItemProxy section */
		89BADCD628CDEC3E001CD1F4 /* PBXContainerItemProxy */ = {
			isa = PBXContainerItemProxy;
			containerPortal = 89BADCA328CCF11E001CD1F4 /* Project object */;
			proxyType = 1;
			remoteGlobalIDString = 89BADCAA28CCF11E001CD1F4;
			remoteInfo = FlikrMaps2;
		};
		89BADD1F28CDF124001CD1F4 /* PBXContainerItemProxy */ = {
			isa = PBXContainerItemProxy;
			containerPortal = 89BADCA328CCF11E001CD1F4 /* Project object */;
			proxyType = 1;
			remoteGlobalIDString = 89BADCAA28CCF11E001CD1F4;
			remoteInfo = FlikrMaps2;
		};
/* End PBXContainerItemProxy section */

/* Begin PBXFileReference section */
		89BADCAB28CCF11E001CD1F4 /* FlikrMaps2.app */ = {isa = PBXFileReference; explicitFileType = wrapper.application; includeInIndex = 0; path = FlikrMaps2.app; sourceTree = BUILT_PRODUCTS_DIR; };
		89BADCAE28CCF11E001CD1F4 /* AppDelegate.swift */ = {isa = PBXFileReference; lastKnownFileType = sourcecode.swift; path = AppDelegate.swift; sourceTree = "<group>"; };
		89BADCB028CCF11E001CD1F4 /* SceneDelegate.swift */ = {isa = PBXFileReference; lastKnownFileType = sourcecode.swift; path = SceneDelegate.swift; sourceTree = "<group>"; };
		89BADCB228CCF11E001CD1F4 /* ViewController.swift */ = {isa = PBXFileReference; lastKnownFileType = sourcecode.swift; path = ViewController.swift; sourceTree = "<group>"; };
		89BADCB528CCF11E001CD1F4 /* Base */ = {isa = PBXFileReference; lastKnownFileType = file.storyboard; name = Base; path = Base.lproj/Main.storyboard; sourceTree = "<group>"; };
		89BADCB728CCF120001CD1F4 /* Assets.xcassets */ = {isa = PBXFileReference; lastKnownFileType = folder.assetcatalog; path = Assets.xcassets; sourceTree = "<group>"; };
		89BADCBA28CCF120001CD1F4 /* Base */ = {isa = PBXFileReference; lastKnownFileType = file.storyboard; name = Base; path = Base.lproj/LaunchScreen.storyboard; sourceTree = "<group>"; };
		89BADCBC28CCF120001CD1F4 /* Info.plist */ = {isa = PBXFileReference; lastKnownFileType = text.plist.xml; path = Info.plist; sourceTree = "<group>"; };
		89BADCC228CCF24C001CD1F4 /* PhotoCell.swift */ = {isa = PBXFileReference; lastKnownFileType = sourcecode.swift; path = PhotoCell.swift; sourceTree = "<group>"; };
		89BADCC328CCF24C001CD1F4 /* PhotoCell.xib */ = {isa = PBXFileReference; lastKnownFileType = file.xib; path = PhotoCell.xib; sourceTree = "<group>"; };
		89BADCC628CDBC6F001CD1F4 /* photoModel.swift */ = {isa = PBXFileReference; lastKnownFileType = sourcecode.swift; path = photoModel.swift; sourceTree = "<group>"; };
		89BADCC828CDBC93001CD1F4 /* photoData.swift */ = {isa = PBXFileReference; lastKnownFileType = sourcecode.swift; path = photoData.swift; sourceTree = "<group>"; };
		89BADCCA28CDBCCC001CD1F4 /* ExViewController.swift */ = {isa = PBXFileReference; lastKnownFileType = sourcecode.swift; path = ExViewController.swift; sourceTree = "<group>"; };
		89BADCD028CDEC3E001CD1F4 /* FlikrMaps2UITests.xctest */ = {isa = PBXFileReference; explicitFileType = wrapper.cfbundle; includeInIndex = 0; path = FlikrMaps2UITests.xctest; sourceTree = BUILT_PRODUCTS_DIR; };
		89BADCD228CDEC3E001CD1F4 /* FlikrMaps2UITests.swift */ = {isa = PBXFileReference; lastKnownFileType = sourcecode.swift; path = FlikrMaps2UITests.swift; sourceTree = "<group>"; };
		89BADCD428CDEC3E001CD1F4 /* FlikrMaps2UITestsLaunchTests.swift */ = {isa = PBXFileReference; lastKnownFileType = sourcecode.swift; path = FlikrMaps2UITestsLaunchTests.swift; sourceTree = "<group>"; };
		89BADD1B28CDF124001CD1F4 /* FlikrMaps2Tests.xctest */ = {isa = PBXFileReference; explicitFileType = wrapper.cfbundle; includeInIndex = 0; path = FlikrMaps2Tests.xctest; sourceTree = BUILT_PRODUCTS_DIR; };
		89BADD1D28CDF124001CD1F4 /* FlikrMaps2Tests.swift */ = {isa = PBXFileReference; lastKnownFileType = sourcecode.swift; path = FlikrMaps2Tests.swift; sourceTree = "<group>"; };
/* End PBXFileReference section */

/* Begin PBXFrameworksBuildPhase section */
		89BADCA828CCF11E001CD1F4 /* Frameworks */ = {
			isa = PBXFrameworksBuildPhase;
			buildActionMask = 2147483647;
			files = (
			);
			runOnlyForDeploymentPostprocessing = 0;
		};
		89BADCCD28CDEC3E001CD1F4 /* Frameworks */ = {
			isa = PBXFrameworksBuildPhase;
			buildActionMask = 2147483647;
			files = (
			);
			runOnlyForDeploymentPostprocessing = 0;
		};
		89BADD1828CDF124001CD1F4 /* Frameworks */ = {
			isa = PBXFrameworksBuildPhase;
			buildActionMask = 2147483647;
			files = (
			);
			runOnlyForDeploymentPostprocessing = 0;
		};
/* End PBXFrameworksBuildPhase section */

/* Begin PBXGroup section */
		89BADCA228CCF11E001CD1F4 = {
			isa = PBXGroup;
			children = (
				89BADCAD28CCF11E001CD1F4 /* FlikrMaps2 */,
				89BADCD128CDEC3E001CD1F4 /* FlikrMaps2UITests */,
				89BADD1C28CDF124001CD1F4 /* FlikrMaps2Tests */,
				89BADCAC28CCF11E001CD1F4 /* Products */,
			);
			sourceTree = "<group>";
		};
		89BADCAC28CCF11E001CD1F4 /* Products */ = {
			isa = PBXGroup;
			children = (
				89BADCAB28CCF11E001CD1F4 /* FlikrMaps2.app */,
				89BADCD028CDEC3E001CD1F4 /* FlikrMaps2UITests.xctest */,
				89BADD1B28CDF124001CD1F4 /* FlikrMaps2Tests.xctest */,
			);
			name = Products;
			sourceTree = "<group>";
		};
		89BADCAD28CCF11E001CD1F4 /* FlikrMaps2 */ = {
			isa = PBXGroup;
			children = (
				89BADCAE28CCF11E001CD1F4 /* AppDelegate.swift */,
				89BADCB028CCF11E001CD1F4 /* SceneDelegate.swift */,
				89BADCB228CCF11E001CD1F4 /* ViewController.swift */,
				89BADCB428CCF11E001CD1F4 /* Main.storyboard */,
				89BADCB728CCF120001CD1F4 /* Assets.xcassets */,
				89BADCB928CCF120001CD1F4 /* LaunchScreen.storyboard */,
				89BADCBC28CCF120001CD1F4 /* Info.plist */,
				89BADCC228CCF24C001CD1F4 /* PhotoCell.swift */,
				89BADCC328CCF24C001CD1F4 /* PhotoCell.xib */,
				89BADCC628CDBC6F001CD1F4 /* photoModel.swift */,
				89BADCC828CDBC93001CD1F4 /* photoData.swift */,
				89BADCCA28CDBCCC001CD1F4 /* ExViewController.swift */,
			);
			path = FlikrMaps2;
			sourceTree = "<group>";
		};
		89BADCD128CDEC3E001CD1F4 /* FlikrMaps2UITests */ = {
			isa = PBXGroup;
			children = (
				89BADCD228CDEC3E001CD1F4 /* FlikrMaps2UITests.swift */,
				89BADCD428CDEC3E001CD1F4 /* FlikrMaps2UITestsLaunchTests.swift */,
			);
			path = FlikrMaps2UITests;
			sourceTree = "<group>";
		};
		89BADD1C28CDF124001CD1F4 /* FlikrMaps2Tests */ = {
			isa = PBXGroup;
			children = (
				89BADD1D28CDF124001CD1F4 /* FlikrMaps2Tests.swift */,
			);
			path = FlikrMaps2Tests;
			sourceTree = "<group>";
		};
/* End PBXGroup section */

/* Begin PBXNativeTarget section */
		89BADCAA28CCF11E001CD1F4 /* FlikrMaps2 */ = {
			isa = PBXNativeTarget;
			buildConfigurationList = 89BADCBF28CCF120001CD1F4 /* Build configuration list for PBXNativeTarget "FlikrMaps2" */;
			buildPhases = (
				89BADCA728CCF11E001CD1F4 /* Sources */,
				89BADCA828CCF11E001CD1F4 /* Frameworks */,
				89BADCA928CCF11E001CD1F4 /* Resources */,
			);
			buildRules = (
			);
			dependencies = (
			);
			name = FlikrMaps2;
			productName = FlikrMaps2;
			productReference = 89BADCAB28CCF11E001CD1F4 /* FlikrMaps2.app */;
			productType = "com.apple.product-type.application";
		};
		89BADCCF28CDEC3E001CD1F4 /* FlikrMaps2UITests */ = {
			isa = PBXNativeTarget;
			buildConfigurationList = 89BADCD828CDEC3E001CD1F4 /* Build configuration list for PBXNativeTarget "FlikrMaps2UITests" */;
			buildPhases = (
				89BADCCC28CDEC3E001CD1F4 /* Sources */,
				89BADCCD28CDEC3E001CD1F4 /* Frameworks */,
				89BADCCE28CDEC3E001CD1F4 /* Resources */,
			);
			buildRules = (
			);
			dependencies = (
				89BADCD728CDEC3E001CD1F4 /* PBXTargetDependency */,
			);
			name = FlikrMaps2UITests;
			productName = FlikrMaps2UITests;
			productReference = 89BADCD028CDEC3E001CD1F4 /* FlikrMaps2UITests.xctest */;
			productType = "com.apple.product-type.bundle.ui-testing";
		};
		89BADD1A28CDF124001CD1F4 /* FlikrMaps2Tests */ = {
			isa = PBXNativeTarget;
			buildConfigurationList = 89BADD2128CDF124001CD1F4 /* Build configuration list for PBXNativeTarget "FlikrMaps2Tests" */;
			buildPhases = (
				89BADD1728CDF124001CD1F4 /* Sources */,
				89BADD1828CDF124001CD1F4 /* Frameworks */,
				89BADD1928CDF124001CD1F4 /* Resources */,
			);
			buildRules = (
			);
			dependencies = (
				89BADD2028CDF124001CD1F4 /* PBXTargetDependency */,
			);
			name = FlikrMaps2Tests;
			productName = FlikrMaps2Tests;
			productReference = 89BADD1B28CDF124001CD1F4 /* FlikrMaps2Tests.xctest */;
			productType = "com.apple.product-type.bundle.unit-test";
		};
/* End PBXNativeTarget section */

/* Begin PBXProject section */
		89BADCA328CCF11E001CD1F4 /* Project object */ = {
			isa = PBXProject;
			attributes = {
				BuildIndependentTargetsInParallel = 1;
				LastSwiftUpdateCheck = 1340;
				LastUpgradeCheck = 1340;
				TargetAttributes = {
					89BADCAA28CCF11E001CD1F4 = {
						CreatedOnToolsVersion = 13.4.1;
					};
					89BADCCF28CDEC3E001CD1F4 = {
						CreatedOnToolsVersion = 13.4.1;
						TestTargetID = 89BADCAA28CCF11E001CD1F4;
					};
					89BADD1A28CDF124001CD1F4 = {
						CreatedOnToolsVersion = 13.4.1;
						TestTargetID = 89BADCAA28CCF11E001CD1F4;
					};
				};
			};
			buildConfigurationList = 89BADCA628CCF11E001CD1F4 /* Build configuration list for PBXProject "FlikrMaps2" */;
			compatibilityVersion = "Xcode 13.0";
			developmentRegion = en;
			hasScannedForEncodings = 0;
			knownRegions = (
				en,
				Base,
			);
			mainGroup = 89BADCA228CCF11E001CD1F4;
			productRefGroup = 89BADCAC28CCF11E001CD1F4 /* Products */;
			projectDirPath = "";
			projectRoot = "";
			targets = (
				89BADCAA28CCF11E001CD1F4 /* FlikrMaps2 */,
				89BADD1A28CDF124001CD1F4 /* FlikrMaps2Tests */,
				89BADCCF28CDEC3E001CD1F4 /* FlikrMaps2UITests */,
			);
		};
/* End PBXProject section */

/* Begin PBXResourcesBuildPhase section */
		89BADCA928CCF11E001CD1F4 /* Resources */ = {
			isa = PBXResourcesBuildPhase;
			buildActionMask = 2147483647;
			files = (
				89BADCC528CCF24C001CD1F4 /* PhotoCell.xib in Resources */,
				89BADCBB28CCF120001CD1F4 /* LaunchScreen.storyboard in Resources */,
				89BADCB828CCF120001CD1F4 /* Assets.xcassets in Resources */,
				89BADCB628CCF11E001CD1F4 /* Main.storyboard in Resources */,
			);
			runOnlyForDeploymentPostprocessing = 0;
		};
		89BADCCE28CDEC3E001CD1F4 /* Resources */ = {
			isa = PBXResourcesBuildPhase;
			buildActionMask = 2147483647;
			files = (
			);
			runOnlyForDeploymentPostprocessing = 0;
		};
		89BADD1928CDF124001CD1F4 /* Resources */ = {
			isa = PBXResourcesBuildPhase;
			buildActionMask = 2147483647;
			files = (
			);
			runOnlyForDeploymentPostprocessing = 0;
		};
/* End PBXResourcesBuildPhase section */

/* Begin PBXSourcesBuildPhase section */
		89BADCA728CCF11E001CD1F4 /* Sources */ = {
			isa = PBXSourcesBuildPhase;
			buildActionMask = 2147483647;
			files = (
				89BADCCB28CDBCCC001CD1F4 /* ExViewController.swift in Sources */,
				89BADCC428CCF24C001CD1F4 /* PhotoCell.swift in Sources */,
				89BADCB328CCF11E001CD1F4 /* ViewController.swift in Sources */,
				89BADCC928CDBC93001CD1F4 /* photoData.swift in Sources */,
				89BADCAF28CCF11E001CD1F4 /* AppDelegate.swift in Sources */,
				89BADCB128CCF11E001CD1F4 /* SceneDelegate.swift in Sources */,
				89BADCC728CDBC6F001CD1F4 /* photoModel.swift in Sources */,
			);
			runOnlyForDeploymentPostprocessing = 0;
		};
		89BADCCC28CDEC3E001CD1F4 /* Sources */ = {
			isa = PBXSourcesBuildPhase;
			buildActionMask = 2147483647;
			files = (
				89BADCD328CDEC3E001CD1F4 /* FlikrMaps2UITests.swift in Sources */,
				89BADCD528CDEC3E001CD1F4 /* FlikrMaps2UITestsLaunchTests.swift in Sources */,
			);
			runOnlyForDeploymentPostprocessing = 0;
		};
		89BADD1728CDF124001CD1F4 /* Sources */ = {
			isa = PBXSourcesBuildPhase;
			buildActionMask = 2147483647;
			files = (
				89BADD1E28CDF124001CD1F4 /* FlikrMaps2Tests.swift in Sources */,
			);
			runOnlyForDeploymentPostprocessing = 0;
		};
/* End PBXSourcesBuildPhase section */

/* Begin PBXTargetDependency section */
		89BADCD728CDEC3E001CD1F4 /* PBXTargetDependency */ = {
			isa = PBXTargetDependency;
			target = 89BADCAA28CCF11E001CD1F4 /* FlikrMaps2 */;
			targetProxy = 89BADCD628CDEC3E001CD1F4 /* PBXContainerItemProxy */;
		};
		89BADD2028CDF124001CD1F4 /* PBXTargetDependency */ = {
			isa = PBXTargetDependency;
			target = 89BADCAA28CCF11E001CD1F4 /* FlikrMaps2 */;
			targetProxy = 89BADD1F28CDF124001CD1F4 /* PBXContainerItemProxy */;
		};
/* End PBXTargetDependency section */

/* Begin PBXVariantGroup section */
		89BADCB428CCF11E001CD1F4 /* Main.storyboard */ = {
			isa = PBXVariantGroup;
			children = (
				89BADCB528CCF11E001CD1F4 /* Base */,
			);
			name = Main.storyboard;
			sourceTree = "<group>";
		};
		89BADCB928CCF120001CD1F4 /* LaunchScreen.storyboard */ = {
			isa = PBXVariantGroup;
			children = (
				89BADCBA28CCF120001CD1F4 /* Base */,
			);
			name = LaunchScreen.storyboard;
			sourceTree = "<group>";
		};
/* End PBXVariantGroup section */

/* Begin XCBuildConfiguration section */
		89BADCBD28CCF120001CD1F4 /* Debug */ = {
			isa = XCBuildConfiguration;
			buildSettings = {
				ALWAYS_SEARCH_USER_PATHS = NO;
				CLANG_ANALYZER_NONNULL = YES;
				CLANG_ANALYZER_NUMBER_OBJECT_CONVERSION = YES_AGGRESSIVE;
				CLANG_CXX_LANGUAGE_STANDARD = "gnu++17";
				CLANG_ENABLE_MODULES = YES;
				CLANG_ENABLE_OBJC_ARC = YES;
				CLANG_ENABLE_OBJC_WEAK = YES;
				CLANG_WARN_BLOCK_CAPTURE_AUTORELEASING = YES;
				CLANG_WARN_BOOL_CONVERSION = YES;
				CLANG_WARN_COMMA = YES;
				CLANG_WARN_CONSTANT_CONVERSION = YES;
				CLANG_WARN_DEPRECATED_OBJC_IMPLEMENTATIONS = YES;
				CLANG_WARN_DIRECT_OBJC_ISA_USAGE = YES_ERROR;
				CLANG_WARN_DOCUMENTATION_COMMENTS = YES;
				CLANG_WARN_EMPTY_BODY = YES;
				CLANG_WARN_ENUM_CONVERSION = YES;
				CLANG_WARN_INFINITE_RECURSION = YES;
				CLANG_WARN_INT_CONVERSION = YES;
				CLANG_WARN_NON_LITERAL_NULL_CONVERSION = YES;
				CLANG_WARN_OBJC_IMPLICIT_RETAIN_SELF = YES;
				CLANG_WARN_OBJC_LITERAL_CONVERSION = YES;
				CLANG_WARN_OBJC_ROOT_CLASS = YES_ERROR;
				CLANG_WARN_QUOTED_INCLUDE_IN_FRAMEWORK_HEADER = YES;
				CLANG_WARN_RANGE_LOOP_ANALYSIS = YES;
				CLANG_WARN_STRICT_PROTOTYPES = YES;
				CLANG_WARN_SUSPICIOUS_MOVE = YES;
				CLANG_WARN_UNGUARDED_AVAILABILITY = YES_AGGRESSIVE;
				CLANG_WARN_UNREACHABLE_CODE = YES;
				CLANG_WARN__DUPLICATE_METHOD_MATCH = YES;
				COPY_PHASE_STRIP = NO;
				DEBUG_INFORMATION_FORMAT = dwarf;
				ENABLE_STRICT_OBJC_MSGSEND = YES;
				ENABLE_TESTABILITY = YES;
				GCC_C_LANGUAGE_STANDARD = gnu11;
				GCC_DYNAMIC_NO_PIC = NO;
				GCC_NO_COMMON_BLOCKS = YES;
				GCC_OPTIMIZATION_LEVEL = 0;
				GCC_PREPROCESSOR_DEFINITIONS = (
					"DEBUG=1",
					"$(inherited)",
				);
				GCC_WARN_64_TO_32_BIT_CONVERSION = YES;
				GCC_WARN_ABOUT_RETURN_TYPE = YES_ERROR;
				GCC_WARN_UNDECLARED_SELECTOR = YES;
				GCC_WARN_UNINITIALIZED_AUTOS = YES_AGGRESSIVE;
				GCC_WARN_UNUSED_FUNCTION = YES;
				GCC_WARN_UNUSED_VARIABLE = YES;
				IPHONEOS_DEPLOYMENT_TARGET = 15.5;
				MTL_ENABLE_DEBUG_INFO = INCLUDE_SOURCE;
				MTL_FAST_MATH = YES;
				ONLY_ACTIVE_ARCH = YES;
				SDKROOT = iphoneos;
				SWIFT_ACTIVE_COMPILATION_CONDITIONS = DEBUG;
				SWIFT_OPTIMIZATION_LEVEL = "-Onone";
			};
			name = Debug;
		};
		89BADCBE28CCF120001CD1F4 /* Release */ = {
			isa = XCBuildConfiguration;
			buildSettings = {
				ALWAYS_SEARCH_USER_PATHS = NO;
				CLANG_ANALYZER_NONNULL = YES;
				CLANG_ANALYZER_NUMBER_OBJECT_CONVERSION = YES_AGGRESSIVE;
				CLANG_CXX_LANGUAGE_STANDARD = "gnu++17";
				CLANG_ENABLE_MODULES = YES;
				CLANG_ENABLE_OBJC_ARC = YES;
				CLANG_ENABLE_OBJC_WEAK = YES;
				CLANG_WARN_BLOCK_CAPTURE_AUTORELEASING = YES;
				CLANG_WARN_BOOL_CONVERSION = YES;
				CLANG_WARN_COMMA = YES;
				CLANG_WARN_CONSTANT_CONVERSION = YES;
				CLANG_WARN_DEPRECATED_OBJC_IMPLEMENTATIONS = YES;
				CLANG_WARN_DIRECT_OBJC_ISA_USAGE = YES_ERROR;
				CLANG_WARN_DOCUMENTATION_COMMENTS = YES;
				CLANG_WARN_EMPTY_BODY = YES;
				CLANG_WARN_ENUM_CONVERSION = YES;
				CLANG_WARN_INFINITE_RECURSION = YES;
				CLANG_WARN_INT_CONVERSION = YES;
				CLANG_WARN_NON_LITERAL_NULL_CONVERSION = YES;
				CLANG_WARN_OBJC_IMPLICIT_RETAIN_SELF = YES;
				CLANG_WARN_OBJC_LITERAL_CONVERSION = YES;
				CLANG_WARN_OBJC_ROOT_CLASS = YES_ERROR;
				CLANG_WARN_QUOTED_INCLUDE_IN_FRAMEWORK_HEADER = YES;
				CLANG_WARN_RANGE_LOOP_ANALYSIS = YES;
				CLANG_WARN_STRICT_PROTOTYPES = YES;
				CLANG_WARN_SUSPICIOUS_MOVE = YES;
				CLANG_WARN_UNGUARDED_AVAILABILITY = YES_AGGRESSIVE;
				CLANG_WARN_UNREACHABLE_CODE = YES;
				CLANG_WARN__DUPLICATE_METHOD_MATCH = YES;
				COPY_PHASE_STRIP = NO;
				DEBUG_INFORMATION_FORMAT = "dwarf-with-dsym";
				ENABLE_NS_ASSERTIONS = NO;
				ENABLE_STRICT_OBJC_MSGSEND = YES;
				GCC_C_LANGUAGE_STANDARD = gnu11;
				GCC_NO_COMMON_BLOCKS = YES;
				GCC_WARN_64_TO_32_BIT_CONVERSION = YES;
				GCC_WARN_ABOUT_RETURN_TYPE = YES_ERROR;
				GCC_WARN_UNDECLARED_SELECTOR = YES;
				GCC_WARN_UNINITIALIZED_AUTOS = YES_AGGRESSIVE;
				GCC_WARN_UNUSED_FUNCTION = YES;
				GCC_WARN_UNUSED_VARIABLE = YES;
				IPHONEOS_DEPLOYMENT_TARGET = 15.5;
				MTL_ENABLE_DEBUG_INFO = NO;
				MTL_FAST_MATH = YES;
				SDKROOT = iphoneos;
				SWIFT_COMPILATION_MODE = wholemodule;
				SWIFT_OPTIMIZATION_LEVEL = "-O";
				VALIDATE_PRODUCT = YES;
			};
			name = Release;
		};
		89BADCC028CCF120001CD1F4 /* Debug */ = {
			isa = XCBuildConfiguration;
			buildSettings = {
				ASSETCATALOG_COMPILER_APPICON_NAME = AppIcon;
				ASSETCATALOG_COMPILER_GLOBAL_ACCENT_COLOR_NAME = AccentColor;
				CODE_SIGN_STYLE = Automatic;
				CURRENT_PROJECT_VERSION = 1;
				DEVELOPMENT_TEAM = H6PCFAPRFA;
				GENERATE_INFOPLIST_FILE = YES;
				INFOPLIST_FILE = FlikrMaps2/Info.plist;
				INFOPLIST_KEY_NSLocationAlwaysAndWhenInUseUsageDescription = "Access Location";
				INFOPLIST_KEY_NSLocationWhenInUseUsageDescription = "Access Location";
				INFOPLIST_KEY_UIApplicationSupportsIndirectInputEvents = YES;
				INFOPLIST_KEY_UILaunchStoryboardName = LaunchScreen;
				INFOPLIST_KEY_UIMainStoryboardFile = Main;
				INFOPLIST_KEY_UISupportedInterfaceOrientations_iPad = "UIInterfaceOrientationPortrait UIInterfaceOrientationPortraitUpsideDown UIInterfaceOrientationLandscapeLeft UIInterfaceOrientationLandscapeRight";
				INFOPLIST_KEY_UISupportedInterfaceOrientations_iPhone = "UIInterfaceOrientationPortrait UIInterfaceOrientationLandscapeLeft UIInterfaceOrientationLandscapeRight";
				LD_RUNPATH_SEARCH_PATHS = (
					"$(inherited)",
					"@executable_path/Frameworks",
				);
				MARKETING_VERSION = 1.0;
				PRODUCT_BUNDLE_IDENTIFIER = com.example.FlikrMaps2;
				PRODUCT_NAME = "$(TARGET_NAME)";
				SWIFT_EMIT_LOC_STRINGS = YES;
				SWIFT_VERSION = 5.0;
				TARGETED_DEVICE_FAMILY = "1,2";
			};
			name = Debug;
		};
		89BADCC128CCF120001CD1F4 /* Release */ = {
			isa = XCBuildConfiguration;
			buildSettings = {
				ASSETCATALOG_COMPILER_APPICON_NAME = AppIcon;
				ASSETCATALOG_COMPILER_GLOBAL_ACCENT_COLOR_NAME = AccentColor;
				CODE_SIGN_STYLE = Automatic;
				CURRENT_PROJECT_VERSION = 1;
				DEVELOPMENT_TEAM = H6PCFAPRFA;
				GENERATE_INFOPLIST_FILE = YES;
				INFOPLIST_FILE = FlikrMaps2/Info.plist;
				INFOPLIST_KEY_NSLocationAlwaysAndWhenInUseUsageDescription = "Access Location";
				INFOPLIST_KEY_NSLocationWhenInUseUsageDescription = "Access Location";
				INFOPLIST_KEY_UIApplicationSupportsIndirectInputEvents = YES;
				INFOPLIST_KEY_UILaunchStoryboardName = LaunchScreen;
				INFOPLIST_KEY_UIMainStoryboardFile = Main;
				INFOPLIST_KEY_UISupportedInterfaceOrientations_iPad = "UIInterfaceOrientationPortrait UIInterfaceOrientationPortraitUpsideDown UIInterfaceOrientationLandscapeLeft UIInterfaceOrientationLandscapeRight";
				INFOPLIST_KEY_UISupportedInterfaceOrientations_iPhone = "UIInterfaceOrientationPortrait UIInterfaceOrientationLandscapeLeft UIInterfaceOrientationLandscapeRight";
				LD_RUNPATH_SEARCH_PATHS = (
					"$(inherited)",
					"@executable_path/Frameworks",
				);
				MARKETING_VERSION = 1.0;
				PRODUCT_BUNDLE_IDENTIFIER = com.example.FlikrMaps2;
				PRODUCT_NAME = "$(TARGET_NAME)";
				SWIFT_EMIT_LOC_STRINGS = YES;
				SWIFT_VERSION = 5.0;
				TARGETED_DEVICE_FAMILY = "1,2";
			};
			name = Release;
		};
		89BADCD928CDEC3E001CD1F4 /* Debug */ = {
			isa = XCBuildConfiguration;
			buildSettings = {
				CODE_SIGN_STYLE = Automatic;
				CURRENT_PROJECT_VERSION = 1;
				DEVELOPMENT_TEAM = H6PCFAPRFA;
				GENERATE_INFOPLIST_FILE = YES;
				MARKETING_VERSION = 1.0;
				PRODUCT_BUNDLE_IDENTIFIER = com.example.FlikrMaps2UITests;
				PRODUCT_NAME = "$(TARGET_NAME)";
				SWIFT_EMIT_LOC_STRINGS = NO;
				SWIFT_VERSION = 5.0;
				TARGETED_DEVICE_FAMILY = "1,2";
				TEST_TARGET_NAME = FlikrMaps2;
			};
			name = Debug;
		};
		89BADCDA28CDEC3E001CD1F4 /* Release */ = {
			isa = XCBuildConfiguration;
			buildSettings = {
				CODE_SIGN_STYLE = Automatic;
				CURRENT_PROJECT_VERSION = 1;
				DEVELOPMENT_TEAM = H6PCFAPRFA;
				GENERATE_INFOPLIST_FILE = YES;
				MARKETING_VERSION = 1.0;
				PRODUCT_BUNDLE_IDENTIFIER = com.example.FlikrMaps2UITests;
				PRODUCT_NAME = "$(TARGET_NAME)";
				SWIFT_EMIT_LOC_STRINGS = NO;
				SWIFT_VERSION = 5.0;
				TARGETED_DEVICE_FAMILY = "1,2";
				TEST_TARGET_NAME = FlikrMaps2;
			};
			name = Release;
		};
		89BADD2228CDF124001CD1F4 /* Debug */ = {
			isa = XCBuildConfiguration;
			buildSettings = {
				BUNDLE_LOADER = "$(TEST_HOST)";
				CODE_SIGN_STYLE = Automatic;
				CURRENT_PROJECT_VERSION = 1;
				DEVELOPMENT_TEAM = H6PCFAPRFA;
				GENERATE_INFOPLIST_FILE = YES;
				MARKETING_VERSION = 1.0;
				PRODUCT_BUNDLE_IDENTIFIER = com.example.FlikrMaps2Tests;
				PRODUCT_NAME = "$(TARGET_NAME)";
				SWIFT_EMIT_LOC_STRINGS = NO;
				SWIFT_VERSION = 5.0;
				TARGETED_DEVICE_FAMILY = "1,2";
				TEST_HOST = "$(BUILT_PRODUCTS_DIR)/FlikrMaps2.app/FlikrMaps2";
			};
			name = Debug;
		};
		89BADD2328CDF124001CD1F4 /* Release */ = {
			isa = XCBuildConfiguration;
			buildSettings = {
				BUNDLE_LOADER = "$(TEST_HOST)";
				CODE_SIGN_STYLE = Automatic;
				CURRENT_PROJECT_VERSION = 1;
				DEVELOPMENT_TEAM = H6PCFAPRFA;
				GENERATE_INFOPLIST_FILE = YES;
				MARKETING_VERSION = 1.0;
				PRODUCT_BUNDLE_IDENTIFIER = com.example.FlikrMaps2Tests;
				PRODUCT_NAME = "$(TARGET_NAME)";
				SWIFT_EMIT_LOC_STRINGS = NO;
				SWIFT_VERSION = 5.0;
				TARGETED_DEVICE_FAMILY = "1,2";
				TEST_HOST = "$(BUILT_PRODUCTS_DIR)/FlikrMaps2.app/FlikrMaps2";
			};
			name = Release;
		};
/* End XCBuildConfiguration section */

/* Begin XCConfigurationList section */
		89BADCA628CCF11E001CD1F4 /* Build configuration list for PBXProject "FlikrMaps2" */ = {
			isa = XCConfigurationList;
			buildConfigurations = (
				89BADCBD28CCF120001CD1F4 /* Debug */,
				89BADCBE28CCF120001CD1F4 /* Release */,
			);
			defaultConfigurationIsVisible = 0;
			defaultConfigurationName = Release;
		};
		89BADCBF28CCF120001CD1F4 /* Build configuration list for PBXNativeTarget "FlikrMaps2" */ = {
			isa = XCConfigurationList;
			buildConfigurations = (
				89BADCC028CCF120001CD1F4 /* Debug */,
				89BADCC128CCF120001CD1F4 /* Release */,
			);
			defaultConfigurationIsVisible = 0;
			defaultConfigurationName = Release;
		};
		89BADCD828CDEC3E001CD1F4 /* Build configuration list for PBXNativeTarget "FlikrMaps2UITests" */ = {
			isa = XCConfigurationList;
			buildConfigurations = (
				89BADCD928CDEC3E001CD1F4 /* Debug */,
				89BADCDA28CDEC3E001CD1F4 /* Release */,
			);
			defaultConfigurationIsVisible = 0;
			defaultConfigurationName = Release;
		};
		89BADD2128CDF124001CD1F4 /* Build configuration list for PBXNativeTarget "FlikrMaps2Tests" */ = {
			isa = XCConfigurationList;
			buildConfigurations = (
				89BADD2228CDF124001CD1F4 /* Debug */,
				89BADD2328CDF124001CD1F4 /* Release */,
			);
			defaultConfigurationIsVisible = 0;
			defaultConfigurationName = Release;
		};
/* End XCConfigurationList section */
	};
	rootObject = 89BADCA328CCF11E001CD1F4 /* Project object */;
}
